// !$*UTF8*$!
{
	archiveVersion = 1;
	classes = {
	};
	objectVersion = 50;
	objects = {

/* Begin PBXBuildFile section */
		4B2A303C2589BE3D0089F06C /* SchoolDetailView.swift in Sources */ = {isa = PBXBuildFile; fileRef = 4B2A303B2589BE3D0089F06C /* SchoolDetailView.swift */; };
		4B2A303F2589C1460089F06C /* SatData.swift in Sources */ = {isa = PBXBuildFile; fileRef = 4B2A303E2589C1460089F06C /* SatData.swift */; };
		4B2A3043258A5BDC0089F06C /* SearchBar.swift in Sources */ = {isa = PBXBuildFile; fileRef = 4B2A3042258A5BDC0089F06C /* SearchBar.swift */; };
		4B2A3049258A60170089F06C /* ActivityIndicator.swift in Sources */ = {isa = PBXBuildFile; fileRef = 4B2A3048258A60170089F06C /* ActivityIndicator.swift */; };
		4B2A3050258A657B0089F06C /* Endpoint.swift in Sources */ = {isa = PBXBuildFile; fileRef = 4B2A304F258A657B0089F06C /* Endpoint.swift */; };
		4B2A3053258A69090089F06C /* CityOfNewyorkEndpoint.swift in Sources */ = {isa = PBXBuildFile; fileRef = 4B2A3052258A69090089F06C /* CityOfNewyorkEndpoint.swift */; };
		4B2A3056258A6AC70089F06C /* NetWorkingEngine.swift in Sources */ = {isa = PBXBuildFile; fileRef = 4B2A3055258A6AC70089F06C /* NetWorkingEngine.swift */; };
		4B2A305A258A705A0089F06C /* SchoolViewModel.swift in Sources */ = {isa = PBXBuildFile; fileRef = 4B2A3059258A705A0089F06C /* SchoolViewModel.swift */; };
		4B2A3068258A8BBB0089F06C /* SchoolListViewModel.swift in Sources */ = {isa = PBXBuildFile; fileRef = 4B2A3067258A8BBB0089F06C /* SchoolListViewModel.swift */; };
		4B2A306C258A8C790089F06C /* SchoolModel.swift in Sources */ = {isa = PBXBuildFile; fileRef = 4B2A306B258A8C790089F06C /* SchoolModel.swift */; };
		4B2A306F258A8E9D0089F06C /* Constant.swift in Sources */ = {isa = PBXBuildFile; fileRef = 4B2A306E258A8E9D0089F06C /* Constant.swift */; };
		4B2A3072258A93E20089F06C /* SatDataModel.swift in Sources */ = {isa = PBXBuildFile; fileRef = 4B2A3071258A93E20089F06C /* SatDataModel.swift */; };
		4B2A30AE258AAB530089F06C /* NetWorkingEngineTests.swift in Sources */ = {isa = PBXBuildFile; fileRef = 4B2A30AD258AAB530089F06C /* NetWorkingEngineTests.swift */; };
		4B2A30BC258AB5450089F06C /* CityOfNewyorkEndpointTest.swift in Sources */ = {isa = PBXBuildFile; fileRef = 4B2A30BB258AB5440089F06C /* CityOfNewyorkEndpointTest.swift */; };
		4B6CD478258981E8002688C5 /* AppDelegate.swift in Sources */ = {isa = PBXBuildFile; fileRef = 4B6CD477258981E8002688C5 /* AppDelegate.swift */; };
		4B6CD47A258981E8002688C5 /* SceneDelegate.swift in Sources */ = {isa = PBXBuildFile; fileRef = 4B6CD479258981E8002688C5 /* SceneDelegate.swift */; };
		4B6CD47C258981E8002688C5 /* SchoolListView.swift in Sources */ = {isa = PBXBuildFile; fileRef = 4B6CD47B258981E8002688C5 /* SchoolListView.swift */; };
		4B6CD47E258981EB002688C5 /* Assets.xcassets in Resources */ = {isa = PBXBuildFile; fileRef = 4B6CD47D258981EB002688C5 /* Assets.xcassets */; };
		4B6CD481258981EB002688C5 /* Preview Assets.xcassets in Resources */ = {isa = PBXBuildFile; fileRef = 4B6CD480258981EB002688C5 /* Preview Assets.xcassets */; };
		4B6CD484258981EB002688C5 /* LaunchScreen.storyboard in Resources */ = {isa = PBXBuildFile; fileRef = 4B6CD482258981EB002688C5 /* LaunchScreen.storyboard */; };
		4B6CD48D25898239002688C5 /* School.swift in Sources */ = {isa = PBXBuildFile; fileRef = 4B6CD48C25898238002688C5 /* School.swift */; };
/* End PBXBuildFile section */

/* Begin PBXContainerItemProxy section */
		4B2A30B0258AAB530089F06C /* PBXContainerItemProxy */ = {
			isa = PBXContainerItemProxy;
			containerPortal = 4B6CD46C258981E8002688C5 /* Project object */;
			proxyType = 1;
			remoteGlobalIDString = 4B6CD473258981E8002688C5;
			remoteInfo = "MY20201215-MengjiaoYang-NYCSchools";
		};
/* End PBXContainerItemProxy section */

/* Begin PBXFileReference section */
		4B2A303B2589BE3D0089F06C /* SchoolDetailView.swift */ = {isa = PBXFileReference; lastKnownFileType = sourcecode.swift; path = SchoolDetailView.swift; sourceTree = "<group>"; };
		4B2A303E2589C1460089F06C /* SatData.swift */ = {isa = PBXFileReference; lastKnownFileType = sourcecode.swift; path = SatData.swift; sourceTree = "<group>"; };
		4B2A3042258A5BDC0089F06C /* SearchBar.swift */ = {isa = PBXFileReference; fileEncoding = 4; lastKnownFileType = sourcecode.swift; path = SearchBar.swift; sourceTree = "<group>"; };
		4B2A3048258A60170089F06C /* ActivityIndicator.swift */ = {isa = PBXFileReference; lastKnownFileType = sourcecode.swift; path = ActivityIndicator.swift; sourceTree = "<group>"; };
		4B2A304F258A657B0089F06C /* Endpoint.swift */ = {isa = PBXFileReference; lastKnownFileType = sourcecode.swift; path = Endpoint.swift; sourceTree = "<group>"; };
		4B2A3052258A69090089F06C /* CityOfNewyorkEndpoint.swift */ = {isa = PBXFileReference; lastKnownFileType = sourcecode.swift; path = CityOfNewyorkEndpoint.swift; sourceTree = "<group>"; };
		4B2A3055258A6AC70089F06C /* NetWorkingEngine.swift */ = {isa = PBXFileReference; lastKnownFileType = sourcecode.swift; path = NetWorkingEngine.swift; sourceTree = "<group>"; };
		4B2A3059258A705A0089F06C /* SchoolViewModel.swift */ = {isa = PBXFileReference; lastKnownFileType = sourcecode.swift; path = SchoolViewModel.swift; sourceTree = "<group>"; };
		4B2A3067258A8BBB0089F06C /* SchoolListViewModel.swift */ = {isa = PBXFileReference; lastKnownFileType = sourcecode.swift; path = SchoolListViewModel.swift; sourceTree = "<group>"; };
		4B2A306B258A8C790089F06C /* SchoolModel.swift */ = {isa = PBXFileReference; lastKnownFileType = sourcecode.swift; path = SchoolModel.swift; sourceTree = "<group>"; };
		4B2A306E258A8E9D0089F06C /* Constant.swift */ = {isa = PBXFileReference; lastKnownFileType = sourcecode.swift; path = Constant.swift; sourceTree = "<group>"; };
		4B2A3071258A93E20089F06C /* SatDataModel.swift */ = {isa = PBXFileReference; lastKnownFileType = sourcecode.swift; path = SatDataModel.swift; sourceTree = "<group>"; };
		4B2A30AB258AAB530089F06C /* MY20201216-MengjiaoYang-NYCSchoolsTests.xctest */ = {isa = PBXFileReference; explicitFileType = wrapper.cfbundle; includeInIndex = 0; path = "MY20201216-MengjiaoYang-NYCSchoolsTests.xctest"; sourceTree = BUILT_PRODUCTS_DIR; };
		4B2A30AD258AAB530089F06C /* NetWorkingEngineTests.swift */ = {isa = PBXFileReference; lastKnownFileType = sourcecode.swift; path = NetWorkingEngineTests.swift; sourceTree = "<group>"; };
		4B2A30AF258AAB530089F06C /* Info.plist */ = {isa = PBXFileReference; lastKnownFileType = text.plist.xml; path = Info.plist; sourceTree = "<group>"; };
		4B2A30BB258AB5440089F06C /* CityOfNewyorkEndpointTest.swift */ = {isa = PBXFileReference; lastKnownFileType = sourcecode.swift; path = CityOfNewyorkEndpointTest.swift; sourceTree = "<group>"; };
		4B6CD474258981E8002688C5 /* MY20201216-MengjiaoYang-NYCSchools.app */ = {isa = PBXFileReference; explicitFileType = wrapper.application; includeInIndex = 0; path = "MY20201216-MengjiaoYang-NYCSchools.app"; sourceTree = BUILT_PRODUCTS_DIR; };
		4B6CD477258981E8002688C5 /* AppDelegate.swift */ = {isa = PBXFileReference; lastKnownFileType = sourcecode.swift; path = AppDelegate.swift; sourceTree = "<group>"; };
		4B6CD479258981E8002688C5 /* SceneDelegate.swift */ = {isa = PBXFileReference; lastKnownFileType = sourcecode.swift; path = SceneDelegate.swift; sourceTree = "<group>"; };
		4B6CD47B258981E8002688C5 /* SchoolListView.swift */ = {isa = PBXFileReference; lastKnownFileType = sourcecode.swift; path = SchoolListView.swift; sourceTree = "<group>"; };
		4B6CD47D258981EB002688C5 /* Assets.xcassets */ = {isa = PBXFileReference; lastKnownFileType = folder.assetcatalog; path = Assets.xcassets; sourceTree = "<group>"; };
		4B6CD480258981EB002688C5 /* Preview Assets.xcassets */ = {isa = PBXFileReference; lastKnownFileType = folder.assetcatalog; path = "Preview Assets.xcassets"; sourceTree = "<group>"; };
		4B6CD483258981EB002688C5 /* Base */ = {isa = PBXFileReference; lastKnownFileType = file.storyboard; name = Base; path = Base.lproj/LaunchScreen.storyboard; sourceTree = "<group>"; };
		4B6CD485258981EB002688C5 /* Info.plist */ = {isa = PBXFileReference; lastKnownFileType = text.plist.xml; path = Info.plist; sourceTree = "<group>"; };
		4B6CD48C25898238002688C5 /* School.swift */ = {isa = PBXFileReference; lastKnownFileType = sourcecode.swift; path = School.swift; sourceTree = "<group>"; };
/* End PBXFileReference section */

/* Begin PBXFrameworksBuildPhase section */
		4B2A30A8258AAB530089F06C /* Frameworks */ = {
			isa = PBXFrameworksBuildPhase;
			buildActionMask = 2147483647;
			files = (
			);
			runOnlyForDeploymentPostprocessing = 0;
		};
		4B6CD471258981E8002688C5 /* Frameworks */ = {
			isa = PBXFrameworksBuildPhase;
			buildActionMask = 2147483647;
			files = (
			);
			runOnlyForDeploymentPostprocessing = 0;
		};
/* End PBXFrameworksBuildPhase section */

/* Begin PBXGroup section */
		4B2A304B258A641B0089F06C /* View */ = {
			isa = PBXGroup;
			children = (
				4B2A303B2589BE3D0089F06C /* SchoolDetailView.swift */,
				4B6CD47B258981E8002688C5 /* SchoolListView.swift */,
				4B2A3042258A5BDC0089F06C /* SearchBar.swift */,
				4B2A3048258A60170089F06C /* ActivityIndicator.swift */,
			);
			path = View;
			sourceTree = "<group>";
		};
		4B2A304C258A643D0089F06C /* Support File */ = {
			isa = PBXGroup;
			children = (
				4B6CD482258981EB002688C5 /* LaunchScreen.storyboard */,
				4B6CD477258981E8002688C5 /* AppDelegate.swift */,
				4B6CD479258981E8002688C5 /* SceneDelegate.swift */,
				4B2A306E258A8E9D0089F06C /* Constant.swift */,
			);
			path = "Support File";
			sourceTree = "<group>";
		};
		4B2A304D258A64650089F06C /* Model */ = {
			isa = PBXGroup;
			children = (
				4B2A3074258A965A0089F06C /* Data */,
				4B2A306B258A8C790089F06C /* SchoolModel.swift */,
				4B2A3071258A93E20089F06C /* SatDataModel.swift */,
			);
			path = Model;
			sourceTree = "<group>";
		};
		4B2A3058258A70110089F06C /* NetWorking */ = {
			isa = PBXGroup;
			children = (
				4B2A304F258A657B0089F06C /* Endpoint.swift */,
				4B2A3055258A6AC70089F06C /* NetWorkingEngine.swift */,
				4B2A3052258A69090089F06C /* CityOfNewyorkEndpoint.swift */,
			);
			path = NetWorking;
			sourceTree = "<group>";
		};
		4B2A3060258A7E690089F06C /* ViewModel */ = {
			isa = PBXGroup;
			children = (
				4B2A3059258A705A0089F06C /* SchoolViewModel.swift */,
				4B2A3067258A8BBB0089F06C /* SchoolListViewModel.swift */,
			);
			path = ViewModel;
			sourceTree = "<group>";
		};
		4B2A3074258A965A0089F06C /* Data */ = {
			isa = PBXGroup;
			children = (
				4B6CD48C25898238002688C5 /* School.swift */,
				4B2A303E2589C1460089F06C /* SatData.swift */,
			);
			path = Data;
			sourceTree = "<group>";
		};
		4B2A30AC258AAB530089F06C /* MY20201216-MengjiaoYang-NYCSchoolsTests */ = {
			isa = PBXGroup;
			children = (
				4B2A30AD258AAB530089F06C /* NetWorkingEngineTests.swift */,
				4B2A30AF258AAB530089F06C /* Info.plist */,
				4B2A30BB258AB5440089F06C /* CityOfNewyorkEndpointTest.swift */,
			);
			path = "MY20201216-MengjiaoYang-NYCSchoolsTests";
			sourceTree = "<group>";
		};
		4B6CD46B258981E8002688C5 = {
			isa = PBXGroup;
			children = (
				4B6CD476258981E8002688C5 /* MY20201216-MengjiaoYang-NYCSchools */,
				4B2A30AC258AAB530089F06C /* MY20201216-MengjiaoYang-NYCSchoolsTests */,
				4B6CD475258981E8002688C5 /* Products */,
			);
			sourceTree = "<group>";
		};
		4B6CD475258981E8002688C5 /* Products */ = {
			isa = PBXGroup;
			children = (
				4B6CD474258981E8002688C5 /* MY20201216-MengjiaoYang-NYCSchools.app */,
				4B2A30AB258AAB530089F06C /* MY20201216-MengjiaoYang-NYCSchoolsTests.xctest */,
			);
			name = Products;
			sourceTree = "<group>";
		};
		4B6CD476258981E8002688C5 /* MY20201216-MengjiaoYang-NYCSchools */ = {
			isa = PBXGroup;
			children = (
				4B2A304D258A64650089F06C /* Model */,
				4B2A304B258A641B0089F06C /* View */,
				4B2A3060258A7E690089F06C /* ViewModel */,
				4B2A3058258A70110089F06C /* NetWorking */,
				4B2A304C258A643D0089F06C /* Support File */,
				4B6CD47D258981EB002688C5 /* Assets.xcassets */,
				4B6CD485258981EB002688C5 /* Info.plist */,
				4B6CD47F258981EB002688C5 /* Preview Content */,
			);
			path = "MY20201216-MengjiaoYang-NYCSchools";
			sourceTree = "<group>";
		};
		4B6CD47F258981EB002688C5 /* Preview Content */ = {
			isa = PBXGroup;
			children = (
				4B6CD480258981EB002688C5 /* Preview Assets.xcassets */,
			);
			path = "Preview Content";
			sourceTree = "<group>";
		};
/* End PBXGroup section */

/* Begin PBXNativeTarget section */
		4B2A30AA258AAB530089F06C /* MY20201216-MengjiaoYang-NYCSchoolsTests */ = {
			isa = PBXNativeTarget;
			buildConfigurationList = 4B2A30B2258AAB530089F06C /* Build configuration list for PBXNativeTarget "MY20201216-MengjiaoYang-NYCSchoolsTests" */;
			buildPhases = (
				4B2A30A7258AAB530089F06C /* Sources */,
				4B2A30A8258AAB530089F06C /* Frameworks */,
				4B2A30A9258AAB530089F06C /* Resources */,
			);
			buildRules = (
			);
			dependencies = (
				4B2A30B1258AAB530089F06C /* PBXTargetDependency */,
			);
			name = "MY20201216-MengjiaoYang-NYCSchoolsTests";
			productName = "MY20201215-MengjiaoYang-NYCSchoolsTests";
			productReference = 4B2A30AB258AAB530089F06C /* MY20201216-MengjiaoYang-NYCSchoolsTests.xctest */;
			productType = "com.apple.product-type.bundle.unit-test";
		};
		4B6CD473258981E8002688C5 /* MY20201216-MengjiaoYang-NYCSchools */ = {
			isa = PBXNativeTarget;
			buildConfigurationList = 4B6CD488258981EB002688C5 /* Build configuration list for PBXNativeTarget "MY20201216-MengjiaoYang-NYCSchools" */;
			buildPhases = (
				4B6CD470258981E8002688C5 /* Sources */,
				4B6CD471258981E8002688C5 /* Frameworks */,
				4B6CD472258981E8002688C5 /* Resources */,
			);
			buildRules = (
			);
			dependencies = (
			);
			name = "MY20201216-MengjiaoYang-NYCSchools";
			productName = "20201215-MengjiaoYang-NYCSchools";
			productReference = 4B6CD474258981E8002688C5 /* MY20201216-MengjiaoYang-NYCSchools.app */;
			productType = "com.apple.product-type.application";
		};
/* End PBXNativeTarget section */

/* Begin PBXProject section */
		4B6CD46C258981E8002688C5 /* Project object */ = {
			isa = PBXProject;
			attributes = {
				LastSwiftUpdateCheck = 1220;
				LastUpgradeCheck = 1220;
				TargetAttributes = {
					4B2A30AA258AAB530089F06C = {
						CreatedOnToolsVersion = 12.2;
						TestTargetID = 4B6CD473258981E8002688C5;
					};
					4B6CD473258981E8002688C5 = {
						CreatedOnToolsVersion = 12.2;
					};
				};
			};
			buildConfigurationList = 4B6CD46F258981E8002688C5 /* Build configuration list for PBXProject "MY20201216-MengjiaoYang-NYCSchools" */;
			compatibilityVersion = "Xcode 9.3";
			developmentRegion = en;
			hasScannedForEncodings = 0;
			knownRegions = (
				en,
				Base,
			);
			mainGroup = 4B6CD46B258981E8002688C5;
			productRefGroup = 4B6CD475258981E8002688C5 /* Products */;
			projectDirPath = "";
			projectRoot = "";
			targets = (
				4B6CD473258981E8002688C5 /* MY20201216-MengjiaoYang-NYCSchools */,
				4B2A30AA258AAB530089F06C /* MY20201216-MengjiaoYang-NYCSchoolsTests */,
			);
		};
/* End PBXProject section */

/* Begin PBXResourcesBuildPhase section */
		4B2A30A9258AAB530089F06C /* Resources */ = {
			isa = PBXResourcesBuildPhase;
			buildActionMask = 2147483647;
			files = (
			);
			runOnlyForDeploymentPostprocessing = 0;
		};
		4B6CD472258981E8002688C5 /* Resources */ = {
			isa = PBXResourcesBuildPhase;
			buildActionMask = 2147483647;
			files = (
				4B6CD484258981EB002688C5 /* LaunchScreen.storyboard in Resources */,
				4B6CD481258981EB002688C5 /* Preview Assets.xcassets in Resources */,
				4B6CD47E258981EB002688C5 /* Assets.xcassets in Resources */,
			);
			runOnlyForDeploymentPostprocessing = 0;
		};
/* End PBXResourcesBuildPhase section */

/* Begin PBXSourcesBuildPhase section */
		4B2A30A7258AAB530089F06C /* Sources */ = {
			isa = PBXSourcesBuildPhase;
			buildActionMask = 2147483647;
			files = (
				4B2A30BC258AB5450089F06C /* CityOfNewyorkEndpointTest.swift in Sources */,
				4B2A30AE258AAB530089F06C /* NetWorkingEngineTests.swift in Sources */,
			);
			runOnlyForDeploymentPostprocessing = 0;
		};
		4B6CD470258981E8002688C5 /* Sources */ = {
			isa = PBXSourcesBuildPhase;
			buildActionMask = 2147483647;
			files = (
				4B2A3072258A93E20089F06C /* SatDataModel.swift in Sources */,
				4B2A305A258A705A0089F06C /* SchoolViewModel.swift in Sources */,
				4B6CD478258981E8002688C5 /* AppDelegate.swift in Sources */,
				4B2A306F258A8E9D0089F06C /* Constant.swift in Sources */,
				4B2A303F2589C1460089F06C /* SatData.swift in Sources */,
				4B6CD47A258981E8002688C5 /* SceneDelegate.swift in Sources */,
				4B6CD47C258981E8002688C5 /* SchoolListView.swift in Sources */,
				4B2A3050258A657B0089F06C /* Endpoint.swift in Sources */,
				4B2A3043258A5BDC0089F06C /* SearchBar.swift in Sources */,
				4B2A3056258A6AC70089F06C /* NetWorkingEngine.swift in Sources */,
				4B6CD48D25898239002688C5 /* School.swift in Sources */,
				4B2A3068258A8BBB0089F06C /* SchoolListViewModel.swift in Sources */,
				4B2A3049258A60170089F06C /* ActivityIndicator.swift in Sources */,
				4B2A306C258A8C790089F06C /* SchoolModel.swift in Sources */,
				4B2A303C2589BE3D0089F06C /* SchoolDetailView.swift in Sources */,
				4B2A3053258A69090089F06C /* CityOfNewyorkEndpoint.swift in Sources */,
			);
			runOnlyForDeploymentPostprocessing = 0;
		};
/* End PBXSourcesBuildPhase section */

/* Begin PBXTargetDependency section */
		4B2A30B1258AAB530089F06C /* PBXTargetDependency */ = {
			isa = PBXTargetDependency;
			target = 4B6CD473258981E8002688C5 /* MY20201216-MengjiaoYang-NYCSchools */;
			targetProxy = 4B2A30B0258AAB530089F06C /* PBXContainerItemProxy */;
		};
/* End PBXTargetDependency section */

/* Begin PBXVariantGroup section */
		4B6CD482258981EB002688C5 /* LaunchScreen.storyboard */ = {
			isa = PBXVariantGroup;
			children = (
				4B6CD483258981EB002688C5 /* Base */,
			);
			name = LaunchScreen.storyboard;
			sourceTree = "<group>";
		};
/* End PBXVariantGroup section */

/* Begin XCBuildConfiguration section */
		4B2A30B3258AAB530089F06C /* Debug */ = {
			isa = XCBuildConfiguration;
			buildSettings = {
				BUNDLE_LOADER = "$(TEST_HOST)";
				CODE_SIGN_STYLE = Automatic;
				DEVELOPMENT_TEAM = 2PHY97Q9MP;
				INFOPLIST_FILE = "MY20201216-MengjiaoYang-NYCSchoolsTests/Info.plist";
				LD_RUNPATH_SEARCH_PATHS = (
					"$(inherited)",
					"@executable_path/Frameworks",
					"@loader_path/Frameworks",
				);
				PRODUCT_BUNDLE_IDENTIFIER = "com.mengjiao.MY20201216-MengjiaoYang-NYCSchoolsTests";
				PRODUCT_NAME = "$(TARGET_NAME)";
				SWIFT_VERSION = 5.0;
				TARGETED_DEVICE_FAMILY = "1,2";
				TEST_HOST = "$(BUILT_PRODUCTS_DIR)/MY20201216-MengjiaoYang-NYCSchools.app/MY20201216-MengjiaoYang-NYCSchools";
			};
			name = Debug;
		};
		4B2A30B4258AAB530089F06C /* Release */ = {
			isa = XCBuildConfiguration;
			buildSettings = {
				BUNDLE_LOADER = "$(TEST_HOST)";
				CODE_SIGN_STYLE = Automatic;
				DEVELOPMENT_TEAM = 2PHY97Q9MP;
				INFOPLIST_FILE = "MY20201216-MengjiaoYang-NYCSchoolsTests/Info.plist";
				LD_RUNPATH_SEARCH_PATHS = (
					"$(inherited)",
					"@executable_path/Frameworks",
					"@loader_path/Frameworks",
				);
				PRODUCT_BUNDLE_IDENTIFIER = "com.mengjiao.MY20201216-MengjiaoYang-NYCSchoolsTests";
				PRODUCT_NAME = "$(TARGET_NAME)";
				SWIFT_VERSION = 5.0;
				TARGETED_DEVICE_FAMILY = "1,2";
				TEST_HOST = "$(BUILT_PRODUCTS_DIR)/MY20201216-MengjiaoYang-NYCSchools.app/MY20201216-MengjiaoYang-NYCSchools";
			};
			name = Release;
		};
		4B6CD486258981EB002688C5 /* Debug */ = {
			isa = XCBuildConfiguration;
			buildSettings = {
				ALWAYS_SEARCH_USER_PATHS = NO;
				CLANG_ANALYZER_NONNULL = YES;
				CLANG_ANALYZER_NUMBER_OBJECT_CONVERSION = YES_AGGRESSIVE;
				CLANG_CXX_LANGUAGE_STANDARD = "gnu++14";
				CLANG_CXX_LIBRARY = "libc++";
				CLANG_ENABLE_MODULES = YES;
				CLANG_ENABLE_OBJC_ARC = YES;
				CLANG_ENABLE_OBJC_WEAK = YES;
				CLANG_WARN_BLOCK_CAPTURE_AUTORELEASING = YES;
				CLANG_WARN_BOOL_CONVERSION = YES;
				CLANG_WARN_COMMA = YES;
				CLANG_WARN_CONSTANT_CONVERSION = YES;
				CLANG_WARN_DEPRECATED_OBJC_IMPLEMENTATIONS = YES;
				CLANG_WARN_DIRECT_OBJC_ISA_USAGE = YES_ERROR;
				CLANG_WARN_DOCUMENTATION_COMMENTS = YES;
				CLANG_WARN_EMPTY_BODY = YES;
				CLANG_WARN_ENUM_CONVERSION = YES;
				CLANG_WARN_INFINITE_RECURSION = YES;
				CLANG_WARN_INT_CONVERSION = YES;
				CLANG_WARN_NON_LITERAL_NULL_CONVERSION = YES;
				CLANG_WARN_OBJC_IMPLICIT_RETAIN_SELF = YES;
				CLANG_WARN_OBJC_LITERAL_CONVERSION = YES;
				CLANG_WARN_OBJC_ROOT_CLASS = YES_ERROR;
				CLANG_WARN_QUOTED_INCLUDE_IN_FRAMEWORK_HEADER = YES;
				CLANG_WARN_RANGE_LOOP_ANALYSIS = YES;
				CLANG_WARN_STRICT_PROTOTYPES = YES;
				CLANG_WARN_SUSPICIOUS_MOVE = YES;
				CLANG_WARN_UNGUARDED_AVAILABILITY = YES_AGGRESSIVE;
				CLANG_WARN_UNREACHABLE_CODE = YES;
				CLANG_WARN__DUPLICATE_METHOD_MATCH = YES;
				COPY_PHASE_STRIP = NO;
				DEBUG_INFORMATION_FORMAT = dwarf;
				ENABLE_STRICT_OBJC_MSGSEND = YES;
				ENABLE_TESTABILITY = YES;
				GCC_C_LANGUAGE_STANDARD = gnu11;
				GCC_DYNAMIC_NO_PIC = NO;
				GCC_NO_COMMON_BLOCKS = YES;
				GCC_OPTIMIZATION_LEVEL = 0;
				GCC_PREPROCESSOR_DEFINITIONS = (
					"DEBUG=1",
					"$(inherited)",
				);
				GCC_WARN_64_TO_32_BIT_CONVERSION = YES;
				GCC_WARN_ABOUT_RETURN_TYPE = YES_ERROR;
				GCC_WARN_UNDECLARED_SELECTOR = YES;
				GCC_WARN_UNINITIALIZED_AUTOS = YES_AGGRESSIVE;
				GCC_WARN_UNUSED_FUNCTION = YES;
				GCC_WARN_UNUSED_VARIABLE = YES;
				IPHONEOS_DEPLOYMENT_TARGET = 14.2;
				MTL_ENABLE_DEBUG_INFO = INCLUDE_SOURCE;
				MTL_FAST_MATH = YES;
				ONLY_ACTIVE_ARCH = YES;
				SDKROOT = iphoneos;
				SWIFT_ACTIVE_COMPILATION_CONDITIONS = DEBUG;
				SWIFT_OPTIMIZATION_LEVEL = "-Onone";
			};
			name = Debug;
		};
		4B6CD487258981EB002688C5 /* Release */ = {
			isa = XCBuildConfiguration;
			buildSettings = {
				ALWAYS_SEARCH_USER_PATHS = NO;
				CLANG_ANALYZER_NONNULL = YES;
				CLANG_ANALYZER_NUMBER_OBJECT_CONVERSION = YES_AGGRESSIVE;
				CLANG_CXX_LANGUAGE_STANDARD = "gnu++14";
				CLANG_CXX_LIBRARY = "libc++";
				CLANG_ENABLE_MODULES = YES;
				CLANG_ENABLE_OBJC_ARC = YES;
				CLANG_ENABLE_OBJC_WEAK = YES;
				CLANG_WARN_BLOCK_CAPTURE_AUTORELEASING = YES;
				CLANG_WARN_BOOL_CONVERSION = YES;
				CLANG_WARN_COMMA = YES;
				CLANG_WARN_CONSTANT_CONVERSION = YES;
				CLANG_WARN_DEPRECATED_OBJC_IMPLEMENTATIONS = YES;
				CLANG_WARN_DIRECT_OBJC_ISA_USAGE = YES_ERROR;
				CLANG_WARN_DOCUMENTATION_COMMENTS = YES;
				CLANG_WARN_EMPTY_BODY = YES;
				CLANG_WARN_ENUM_CONVERSION = YES;
				CLANG_WARN_INFINITE_RECURSION = YES;
				CLANG_WARN_INT_CONVERSION = YES;
				CLANG_WARN_NON_LITERAL_NULL_CONVERSION = YES;
				CLANG_WARN_OBJC_IMPLICIT_RETAIN_SELF = YES;
				CLANG_WARN_OBJC_LITERAL_CONVERSION = YES;
				CLANG_WARN_OBJC_ROOT_CLASS = YES_ERROR;
				CLANG_WARN_QUOTED_INCLUDE_IN_FRAMEWORK_HEADER = YES;
				CLANG_WARN_RANGE_LOOP_ANALYSIS = YES;
				CLANG_WARN_STRICT_PROTOTYPES = YES;
				CLANG_WARN_SUSPICIOUS_MOVE = YES;
				CLANG_WARN_UNGUARDED_AVAILABILITY = YES_AGGRESSIVE;
				CLANG_WARN_UNREACHABLE_CODE = YES;
				CLANG_WARN__DUPLICATE_METHOD_MATCH = YES;
				COPY_PHASE_STRIP = NO;
				DEBUG_INFORMATION_FORMAT = "dwarf-with-dsym";
				ENABLE_NS_ASSERTIONS = NO;
				ENABLE_STRICT_OBJC_MSGSEND = YES;
				GCC_C_LANGUAGE_STANDARD = gnu11;
				GCC_NO_COMMON_BLOCKS = YES;
				GCC_WARN_64_TO_32_BIT_CONVERSION = YES;
				GCC_WARN_ABOUT_RETURN_TYPE = YES_ERROR;
				GCC_WARN_UNDECLARED_SELECTOR = YES;
				GCC_WARN_UNINITIALIZED_AUTOS = YES_AGGRESSIVE;
				GCC_WARN_UNUSED_FUNCTION = YES;
				GCC_WARN_UNUSED_VARIABLE = YES;
				IPHONEOS_DEPLOYMENT_TARGET = 14.2;
				MTL_ENABLE_DEBUG_INFO = NO;
				MTL_FAST_MATH = YES;
				SDKROOT = iphoneos;
				SWIFT_COMPILATION_MODE = wholemodule;
				SWIFT_OPTIMIZATION_LEVEL = "-O";
				VALIDATE_PRODUCT = YES;
			};
			name = Release;
		};
		4B6CD489258981EB002688C5 /* Debug */ = {
			isa = XCBuildConfiguration;
			buildSettings = {
				ASSETCATALOG_COMPILER_APPICON_NAME = AppIcon;
				ASSETCATALOG_COMPILER_GLOBAL_ACCENT_COLOR_NAME = AccentColor;
				CODE_SIGN_STYLE = Automatic;
				DEVELOPMENT_ASSET_PATHS = "\"MY20201216-MengjiaoYang-NYCSchools/Preview Content\"";
				DEVELOPMENT_TEAM = 2PHY97Q9MP;
				ENABLE_PREVIEWS = YES;
				INFOPLIST_FILE = "MY20201216-MengjiaoYang-NYCSchools/Info.plist";
				LD_RUNPATH_SEARCH_PATHS = (
					"$(inherited)",
					"@executable_path/Frameworks",
				);
				PRODUCT_BUNDLE_IDENTIFIER = "com.mengjiao.-0201216-MengjiaoYang-NYCSchools";
				PRODUCT_NAME = "$(TARGET_NAME)";
				SWIFT_VERSION = 5.0;
				TARGETED_DEVICE_FAMILY = "1,2";
			};
			name = Debug;
		};
		4B6CD48A258981EB002688C5 /* Release */ = {
			isa = XCBuildConfiguration;
			buildSettings = {
				ASSETCATALOG_COMPILER_APPICON_NAME = AppIcon;
				ASSETCATALOG_COMPILER_GLOBAL_ACCENT_COLOR_NAME = AccentColor;
				CODE_SIGN_STYLE = Automatic;
				DEVELOPMENT_ASSET_PATHS = "\"MY20201216-MengjiaoYang-NYCSchools/Preview Content\"";
				DEVELOPMENT_TEAM = 2PHY97Q9MP;
				ENABLE_PREVIEWS = YES;
				INFOPLIST_FILE = "MY20201216-MengjiaoYang-NYCSchools/Info.plist";
				LD_RUNPATH_SEARCH_PATHS = (
					"$(inherited)",
					"@executable_path/Frameworks",
				);
				PRODUCT_BUNDLE_IDENTIFIER = "com.mengjiao.-0201216-MengjiaoYang-NYCSchools";
				PRODUCT_NAME = "$(TARGET_NAME)";
				SWIFT_VERSION = 5.0;
				TARGETED_DEVICE_FAMILY = "1,2";
			};
			name = Release;
		};
/* End XCBuildConfiguration section */

/* Begin XCConfigurationList section */
		4B2A30B2258AAB530089F06C /* Build configuration list for PBXNativeTarget "MY20201216-MengjiaoYang-NYCSchoolsTests" */ = {
			isa = XCConfigurationList;
			buildConfigurations = (
				4B2A30B3258AAB530089F06C /* Debug */,
				4B2A30B4258AAB530089F06C /* Release */,
			);
			defaultConfigurationIsVisible = 0;
			defaultConfigurationName = Release;
		};
		4B6CD46F258981E8002688C5 /* Build configuration list for PBXProject "MY20201216-MengjiaoYang-NYCSchools" */ = {
			isa = XCConfigurationList;
			buildConfigurations = (
				4B6CD486258981EB002688C5 /* Debug */,
				4B6CD487258981EB002688C5 /* Release */,
			);
			defaultConfigurationIsVisible = 0;
			defaultConfigurationName = Release;
		};
		4B6CD488258981EB002688C5 /* Build configuration list for PBXNativeTarget "MY20201216-MengjiaoYang-NYCSchools" */ = {
			isa = XCConfigurationList;
			buildConfigurations = (
				4B6CD489258981EB002688C5 /* Debug */,
				4B6CD48A258981EB002688C5 /* Release */,
			);
			defaultConfigurationIsVisible = 0;
			defaultConfigurationName = Release;
		};
/* End XCConfigurationList section */
	};
	rootObject = 4B6CD46C258981E8002688C5 /* Project object */;
}
